
Microsoft Visual Studio Solution File, Format Version 12.00
# Visual Studio Version 17
VisualStudioVersion = 17.0.32014.148
MinimumVisualStudioVersion = 10.0.40219.1
Project("{FAE04EC0-301F-11D3-BF4B-00C04F79EFBC}") = "Swd.PlayCollector.Repository", "Swd.PlayCollector.Repository\Swd.PlayCollector.Repository.csproj", "{B14F05C5-3C08-43DD-A5B0-B619126FB8D1}"
EndProject
Project("{FAE04EC0-301F-11D3-BF4B-00C04F79EFBC}") = "Swd.PlayCollectory.Business.Model", "Swd.PlayCollectory.Business.Model\Swd.PlayCollectory.Business.Model.csproj", "{47C9C795-7C12-437A-B46E-FEBB947E7A14}"
EndProject
Project("{FAE04EC0-301F-11D3-BF4B-00C04F79EFBC}") = "Swd.PlayCollector.Test", "Swd.PlayCollector.Test\Swd.PlayCollector.Test.csproj", "{9D4BF68E-E31E-4D00-9A8D-F1DC05655B4E}"
EndProject
Project("{FAE04EC0-301F-11D3-BF4B-00C04F79EFBC}") = "Swd.PlayCollector.Business", "Swd.PlayCollector.Business\Swd.PlayCollector.Business.csproj", "{489FC25F-0666-4293-A121-E2B56AA849DF}"
EndProject
Project("{FAE04EC0-301F-11D3-BF4B-00C04F79EFBC}") = "Swd.PlayCollector.Gui", "Swd.PlayCollector.Gui\Swd.PlayCollector.Gui.csproj", "{691B418C-1EBD-46A7-B090-A3CDEF5E1B73}"
EndProject
Global
	GlobalSection(SolutionConfigurationPlatforms) = preSolution
		Debug|Any CPU = Debug|Any CPU
		Release|Any CPU = Release|Any CPU
	EndGlobalSection
	GlobalSection(ProjectConfigurationPlatforms) = postSolution
		{B14F05C5-3C08-43DD-A5B0-B619126FB8D1}.Debug|Any CPU.ActiveCfg = Debug|Any CPU
		{B14F05C5-3C08-43DD-A5B0-B619126FB8D1}.Debug|Any CPU.Build.0 = Debug|Any CPU
		{B14F05C5-3C08-43DD-A5B0-B619126FB8D1}.Release|Any CPU.ActiveCfg = Release|Any CPU
		{B14F05C5-3C08-43DD-A5B0-B619126FB8D1}.Release|Any CPU.Build.0 = Release|Any CPU
		{47C9C795-7C12-437A-B46E-FEBB947E7A14}.Debug|Any CPU.ActiveCfg = Debug|Any CPU
		{47C9C795-7C12-437A-B46E-FEBB947E7A14}.Debug|Any CPU.Build.0 = Debug|Any CPU
		{47C9C795-7C12-437A-B46E-FEBB947E7A14}.Release|Any CPU.ActiveCfg = Release|Any CPU
		{47C9C795-7C12-437A-B46E-FEBB947E7A14}.Release|Any CPU.Build.0 = Release|Any CPU
		{9D4BF68E-E31E-4D00-9A8D-F1DC05655B4E}.Debug|Any CPU.ActiveCfg = Debug|Any CPU
		{9D4BF68E-E31E-4D00-9A8D-F1DC05655B4E}.Debug|Any CPU.Build.0 = Debug|Any CPU
		{9D4BF68E-E31E-4D00-9A8D-F1DC05655B4E}.Release|Any CPU.ActiveCfg = Release|Any CPU
		{9D4BF68E-E31E-4D00-9A8D-F1DC05655B4E}.Release|Any CPU.Build.0 = Release|Any CPU
		{489FC25F-0666-4293-A121-E2B56AA849DF}.Debug|Any CPU.ActiveCfg = Debug|Any CPU
		{489FC25F-0666-4293-A121-E2B56AA849DF}.Debug|Any CPU.Build.0 = Debug|Any CPU
		{489FC25F-0666-4293-A121-E2B56AA849DF}.Release|Any CPU.ActiveCfg = Release|Any CPU
		{489FC25F-0666-4293-A121-E2B56AA849DF}.Release|Any CPU.Build.0 = Release|Any CPU
		{691B418C-1EBD-46A7-B090-A3CDEF5E1B73}.Debug|Any CPU.ActiveCfg = Debug|Any CPU
		{691B418C-1EBD-46A7-B090-A3CDEF5E1B73}.Debug|Any CPU.Build.0 = Debug|Any CPU
		{691B418C-1EBD-46A7-B090-A3CDEF5E1B73}.Release|Any CPU.ActiveCfg = Release|Any CPU
		{691B418C-1EBD-46A7-B090-A3CDEF5E1B73}.Release|Any CPU.Build.0 = Release|Any CPU
	EndGlobalSection
	GlobalSection(SolutionProperties) = preSolution
		HideSolutionNode = FALSE
	EndGlobalSection
	GlobalSection(ExtensibilityGlobals) = postSolution
		SolutionGuid = {2ECEE5DD-E61E-4168-A46A-46C1C932CD49}
	EndGlobalSection
EndGlobal
